
Microsoft Visual Studio Solution File, Format Version 12.00
# Visual Studio Version 16
VisualStudioVersion = 16.0.31515.178
MinimumVisualStudioVersion = 10.0.40219.1
Project("{FAE04EC0-301F-11D3-BF4B-00C04F79EFBC}") = "SortingAlgorithmsDemo", "SortingAlgorithmsDemo\SortingAlgorithmsDemo.csproj", "{4AEBFC41-EDF0-4DE9-9DDC-7FAA6133012A}"
EndProject
Global
	GlobalSection(SolutionConfigurationPlatforms) = preSolution
		Debug|Any CPU = Debug|Any CPU
		Release|Any CPU = Release|Any CPU
	EndGlobalSection
	GlobalSection(ProjectConfigurationPlatforms) = postSolution
		{4AEBFC41-EDF0-4DE9-9DDC-7FAA6133012A}.Debug|Any CPU.ActiveCfg = Debug|Any CPU
		{4AEBFC41-EDF0-4DE9-9DDC-7FAA6133012A}.Debug|Any CPU.Build.0 = Debug|Any CPU
		{4AEBFC41-EDF0-4DE9-9DDC-7FAA6133012A}.Release|Any CPU.ActiveCfg = Release|Any CPU
		{4AEBFC41-EDF0-4DE9-9DDC-7FAA6133012A}.Release|Any CPU.Build.0 = Release|Any CPU
	EndGlobalSection
	GlobalSection(SolutionProperties) = preSolution
		HideSolutionNode = FALSE
	EndGlobalSection
	GlobalSection(ExtensibilityGlobals) = postSolution
		SolutionGuid = {EF5DA17F-EA91-45CF-8108-56C4EBEEE685}
	EndGlobalSection
EndGlobal
